
Microsoft Visual Studio Solution File, Format Version 12.00
Project("{2150E333-8FDC-42A3-9474-1A3956D46DE8}") = "src", "src", "{8B4CDB64-3605-4523-ACDA-5C6C5530E8B6}"
EndProject
Project("{FAE04EC0-301F-11D3-BF4B-00C04F79EFBC}") = "Route256.KafkaConsumer", "src\Route256.KafkaConsumer\Route256.KafkaConsumer.csproj", "{A545912C-AB6B-4BF0-8BDB-14861F72ABB2}"
EndProject
Project("{FAE04EC0-301F-11D3-BF4B-00C04F79EFBC}") = "Route256.KafkaProducer", "src\Route256.KafkaProducer\Route256.KafkaProducer.csproj", "{C0A0D8AC-8E44-43BB-BE5C-12E515D0C781}"
EndProject
Global
	GlobalSection(SolutionConfigurationPlatforms) = preSolution
		Debug|Any CPU = Debug|Any CPU
		Release|Any CPU = Release|Any CPU
	EndGlobalSection
	GlobalSection(NestedProjects) = preSolution
		{A545912C-AB6B-4BF0-8BDB-14861F72ABB2} = {8B4CDB64-3605-4523-ACDA-5C6C5530E8B6}
		{C0A0D8AC-8E44-43BB-BE5C-12E515D0C781} = {8B4CDB64-3605-4523-ACDA-5C6C5530E8B6}
	EndGlobalSection
	GlobalSection(ProjectConfigurationPlatforms) = postSolution
		{A545912C-AB6B-4BF0-8BDB-14861F72ABB2}.Debug|Any CPU.ActiveCfg = Debug|Any CPU
		{A545912C-AB6B-4BF0-8BDB-14861F72ABB2}.Debug|Any CPU.Build.0 = Debug|Any CPU
		{A545912C-AB6B-4BF0-8BDB-14861F72ABB2}.Release|Any CPU.ActiveCfg = Release|Any CPU
		{A545912C-AB6B-4BF0-8BDB-14861F72ABB2}.Release|Any CPU.Build.0 = Release|Any CPU
		{C0A0D8AC-8E44-43BB-BE5C-12E515D0C781}.Debug|Any CPU.ActiveCfg = Debug|Any CPU
		{C0A0D8AC-8E44-43BB-BE5C-12E515D0C781}.Debug|Any CPU.Build.0 = Debug|Any CPU
		{C0A0D8AC-8E44-43BB-BE5C-12E515D0C781}.Release|Any CPU.ActiveCfg = Release|Any CPU
		{C0A0D8AC-8E44-43BB-BE5C-12E515D0C781}.Release|Any CPU.Build.0 = Release|Any CPU
	EndGlobalSection
EndGlobal
